
Microsoft Visual Studio Solution File, Format Version 12.00
# Visual Studio Version 16
VisualStudioVersion = 16.0.32602.291
MinimumVisualStudioVersion = 10.0.40219.1
Project("{FAE04EC0-301F-11D3-BF4B-00C04F79EFBC}") = "Aps-task7-models", "Aps-task7-models\Aps-task7-models.csproj", "{40C62FD3-7A8B-4ABF-A237-9F9258AF4EEE}"
EndProject
Global
	GlobalSection(SolutionConfigurationPlatforms) = preSolution
		Debug|Any CPU = Debug|Any CPU
		Release|Any CPU = Release|Any CPU
	EndGlobalSection
	GlobalSection(ProjectConfigurationPlatforms) = postSolution
		{40C62FD3-7A8B-4ABF-A237-9F9258AF4EEE}.Debug|Any CPU.ActiveCfg = Debug|Any CPU
		{40C62FD3-7A8B-4ABF-A237-9F9258AF4EEE}.Debug|Any CPU.Build.0 = Debug|Any CPU
		{40C62FD3-7A8B-4ABF-A237-9F9258AF4EEE}.Release|Any CPU.ActiveCfg = Release|Any CPU
		{40C62FD3-7A8B-4ABF-A237-9F9258AF4EEE}.Release|Any CPU.Build.0 = Release|Any CPU
	EndGlobalSection
	GlobalSection(SolutionProperties) = preSolution
		HideSolutionNode = FALSE
	EndGlobalSection
	GlobalSection(ExtensibilityGlobals) = postSolution
		SolutionGuid = {7780A148-72C1-42B4-9C17-DCF27829B8B2}
	EndGlobalSection
EndGlobal
